{
  "name": "basic-simulator",
  "version": "1.0.0",
  "lockfileVersion": 1,
  "requires": true,
  "dependencies": {
    "@rbxts/compiler-types": {
      "version": "1.3.3-types.1",
      "resolved": "https://registry.npmjs.org/@rbxts/compiler-types/-/compiler-types-1.3.3-types.1.tgz",
      "integrity": "sha512-iWeioe5WziBTnY+FIT7aQ5bimlw81PYZ5d9WO0h1kX3joEigXPQpn2yHGRxzrqIssqQr47Y6fwknklaaQ6IPMQ==",
      "dev": true
    },
    "@rbxts/net": {
      "version": "3.0.0",
      "resolved": "https://registry.npmjs.org/@rbxts/net/-/net-3.0.0.tgz",
      "integrity": "sha512-lrDFBogFdsm7y4CBSNCnx1b4Gn+xyND1zLuJQ0+Qf25nSfVqI7ZIg+OVxSAfTNewuxp4pGsHDrv9KoNnGnw4gg=="
    },
    "@rbxts/roact": {
      "version": "1.4.2-ts.0",
      "resolved": "https://registry.npmjs.org/@rbxts/roact/-/roact-1.4.2-ts.0.tgz",
      "integrity": "sha512-IRJ4o0yv7bKmw0RVKi0KVYXmCjQjhnCYqIz1smVuglfxuC1KT6y8ItOJoTnbb8eY+MSf5j/GLV3fIvi2NcPm7w=="
    },
    "@rbxts/services": {
      "version": "1.2.0",
      "resolved": "https://registry.npmjs.org/@rbxts/services/-/services-1.2.0.tgz",
      "integrity": "sha512-GEnAGgRz/oFEfBCjr+UChO7D49c/l+Wgr2OHMkURBKbVAqGg7hVQbEs9PUr+9BuVx/8OlsqZ/cvrUYbwAyd60A=="
    },
    "@rbxts/types": {
      "version": "1.0.582",
      "resolved": "https://registry.npmjs.org/@rbxts/types/-/types-1.0.582.tgz",
      "integrity": "sha512-77T7AsudxtTXiBnsnDm57ICxGbtO/TfVOcr4EAfK76GJhNVXQf5hRD4CKdISY5297sJixeRdid4Ezs77VqtrdA==",
      "dev": true
    },
    "net": {
      "version": "1.0.2",
      "resolved": "https://registry.npmjs.org/net/-/net-1.0.2.tgz",
      "integrity": "sha1-0XV+yaf7I3HYPPR1XOPifhCCk4g="
    },
    "typescript": {
      "version": "4.6.3",
      "resolved": "https://registry.npmjs.org/typescript/-/typescript-4.6.3.tgz",
      "integrity": "sha512-yNIatDa5iaofVozS/uQJEl3JRWLKKGJKh6Yaiv0GLGSuhpFJe7P3SbHZ8/yjAHRQwKRoA6YZqlfjXWmVzoVSMw==",
      "dev": true
    }
  }
}
